schema: '2.0'
stages:
  stage_01:
    cmd: python stage_01.py
    deps:
    - path: stage_01.py
      md5: e1726ed46d41f931fc8992aeb6e4faf8
      size: 74
    outs:
    - path: artifacts01.txt
      md5: 7e6214bb528dd69609564aa1392a7e53
      size: 8
  stage_02:
    cmd: python stage_02.py
    deps:
    - path: artifacts01.txt
      md5: 7e6214bb528dd69609564aa1392a7e53
      size: 8
    - path: stage_02.py
      md5: 5d4e6490669a235f3a05669cf7556f29
      size: 72
  stage_03:
    cmd: python stage_03.py
    deps:
    - path: artifacts01.txt
      md5: 7e6214bb528dd69609564aa1392a7e53
      size: 8
    - path: stage_03.py
      md5: 90dd7e58bfaca9c47e940fae4cff4783
      size: 169
    outs:
    - path: artifacts02.txt
      md5: e67886575e696f9ef712c365712e0e15
      size: 25
